
Microsoft Visual Studio Solution File, Format Version 12.00
# Visual Studio Version 17
VisualStudioVersion = 17.8.34322.80
MinimumVisualStudioVersion = 10.0.40219.1
Project("{FAE04EC0-301F-11D3-BF4B-00C04F79EFBC}") = "FYE", "FYE.csproj", "{06057061-6E41-4388-B9DF-BE7DCFE011A2}"
EndProject
Global
	GlobalSection(SolutionConfigurationPlatforms) = preSolution
		Debug|Any CPU = Debug|Any CPU
		Release|Any CPU = Release|Any CPU
	EndGlobalSection
	GlobalSection(ProjectConfigurationPlatforms) = postSolution
		{06057061-6E41-4388-B9DF-BE7DCFE011A2}.Debug|Any CPU.ActiveCfg = Debug|Any CPU
		{06057061-6E41-4388-B9DF-BE7DCFE011A2}.Debug|Any CPU.Build.0 = Debug|Any CPU
		{06057061-6E41-4388-B9DF-BE7DCFE011A2}.Release|Any CPU.ActiveCfg = Release|Any CPU
		{06057061-6E41-4388-B9DF-BE7DCFE011A2}.Release|Any CPU.Build.0 = Release|Any CPU
	EndGlobalSection
	GlobalSection(SolutionProperties) = preSolution
		HideSolutionNode = FALSE
	EndGlobalSection
	GlobalSection(ExtensibilityGlobals) = postSolution
		SolutionGuid = {3C03394C-B1B8-4285-893D-561C7CA64D45}
	EndGlobalSection
EndGlobal
